{
    "_readme": [
        "This file locks the dependencies of your project to a known state",
        "Read more about it at https://getcomposer.org/doc/01-basic-usage.md#installing-dependencies",
        "This file is @generated automatically"
    ],
    "content-hash": "cf87d93f8e71d499a90de4a098b30959",
    "packages": [
        {
            "name": "blua-blue/image",
            "version": "dev-master",
            "source": {
                "type": "git",
                "url": "https://github.com/blua-blue/image-model.git",
                "reference": "76369ef271f64855a4b76ec200d87e8b394a1444"
            },
            "dist": {
                "type": "zip",
                "url": "https://api.github.com/repos/blua-blue/image-model/zipball/76369ef271f64855a4b76ec200d87e8b394a1444",
                "reference": "76369ef271f64855a4b76ec200d87e8b394a1444",
                "shasum": ""
            },
            "require": {
                "mnsami/composer-custom-directory-installer": "1.1.*",
                "neoan3-apps/db": "^0.2",
                "neoan3-apps/ops": "^1"
            },
            "type": "library",
            "extra": {
                "installer-paths": {
                    "./frame/{$name}": [],
                    "./model/{$name}": [],
                    "./component/{$name}": []
                }
            },
            "license": [
                "MIT"
            ],
            "description": "Image file model",
            "support": {
                "source": "https://github.com/blua-blue/image-model/tree/master",
                "issues": "https://github.com/blua-blue/image-model/issues"
            },
            "time": "2019-09-29T20:32:52+00:00"
        },
        {
            "name": "firebase/php-jwt",
            "version": "dev-master",
            "source": {
                "type": "git",
                "url": "https://github.com/firebase/php-jwt.git",
                "reference": "bac0422822b92fe7a0ed1fc7b1b633d9efa37bae"
            },
            "dist": {
                "type": "zip",
                "url": "https://api.github.com/repos/firebase/php-jwt/zipball/bac0422822b92fe7a0ed1fc7b1b633d9efa37bae",
                "reference": "bac0422822b92fe7a0ed1fc7b1b633d9efa37bae",
                "shasum": ""
            },
            "require": {
                "php": ">=5.3.0"
            },
            "require-dev": {
                "phpunit/phpunit": " 4.8.35"
            },
            "type": "library",
            "autoload": {
                "psr-4": {
                    "Firebase\\JWT\\": "src"
                }
            },
            "notification-url": "https://packagist.org/downloads/",
            "license": [
                "BSD-3-Clause"
            ],
            "authors": [
                {
                    "name": "Neuman Vong",
                    "email": "neuman+pear@twilio.com",
                    "role": "Developer"
                },
                {
                    "name": "Anant Narayanan",
                    "email": "anant@php.net",
                    "role": "Developer"
                }
            ],
            "description": "A simple library to encode and decode JSON Web Tokens (JWT) in PHP. Should conform to the current spec.",
            "homepage": "https://github.com/firebase/php-jwt",
            "time": "2018-01-26T19:13:29+00:00"
        },
        {
            "name": "leafo/scssphp",
            "version": "dev-master",
            "source": {
                "type": "git",
                "url": "https://github.com/leafo/scssphp.git",
                "reference": "b9cdea3e42c3bcb1a9faafd04ccce4e8ec860ad9"
            },
            "dist": {
                "type": "zip",
                "url": "https://api.github.com/repos/leafo/scssphp/zipball/b9cdea3e42c3bcb1a9faafd04ccce4e8ec860ad9",
                "reference": "b9cdea3e42c3bcb1a9faafd04ccce4e8ec860ad9",
                "shasum": ""
            },
            "require": {
                "php": "^5.4.0 || ^7"
            },
            "require-dev": {
                "phpunit/phpunit": "~4.6",
                "squizlabs/php_codesniffer": "~2.5",
                "twbs/bootstrap": "~4.3",
                "zurb/foundation": "~6.5"
            },
            "bin": [
                "bin/pscss"
            ],
            "type": "library",
            "autoload": {
                "psr-4": {
                    "Leafo\\ScssPhp\\": "src/"
                }
            },
            "notification-url": "https://packagist.org/downloads/",
            "license": [
                "MIT"
            ],
            "authors": [
                {
                    "name": "Leaf Corcoran",
                    "email": "leafot@gmail.com",
                    "homepage": "http://leafo.net"
                }
            ],
            "description": "scssphp is a compiler for SCSS written in PHP.",
            "homepage": "http://leafo.github.io/scssphp/",
            "keywords": [
                "css",
                "less",
                "sass",
                "scss",
                "stylesheet"
            ],
            "time": "2019-06-18T21:15:44+00:00"
        },
        {
            "name": "mnsami/composer-custom-directory-installer",
            "version": "dev-master",
            "source": {
                "type": "git",
                "url": "https://github.com/mnsami/composer-custom-directory-installer.git",
                "reference": "1ccaf2da421dd9f6bcec4631c38e69e67677125f"
            },
            "dist": {
                "type": "zip",
                "url": "https://api.github.com/repos/mnsami/composer-custom-directory-installer/zipball/1ccaf2da421dd9f6bcec4631c38e69e67677125f",
                "reference": "1ccaf2da421dd9f6bcec4631c38e69e67677125f",
                "shasum": ""
            },
            "require": {
                "composer-plugin-api": "^1.0",
                "php": ">=5.3"
            },
            "type": "composer-plugin",
            "extra": {
                "class": [
                    "Composer\\CustomDirectoryInstaller\\LibraryPlugin",
                    "Composer\\CustomDirectoryInstaller\\PearPlugin",
                    "Composer\\CustomDirectoryInstaller\\PluginPlugin"
                ],
                "branch-alias": {
                    "dev-master": "1.1.x-dev"
                }
            },
            "autoload": {
                "psr-0": {
                    "Composer\\CustomDirectoryInstaller": "src/"
                }
            },
            "notification-url": "https://packagist.org/downloads/",
            "license": [
                "MIT"
            ],
            "authors": [
                {
                    "name": "Mina Nabil Sami",
                    "email": "mina.nsami@gmail.com"
                }
            ],
            "description": "A composer plugin, to help install packages of different types in custom paths.",
            "keywords": [
                "composer",
                "composer-installer",
                "composer-plugin"
            ],
            "time": "2017-08-14T19:50:19+00:00"
        },
        {
            "name": "neoan3-apps/cache",
            "version": "dev-master",
            "source": {
                "type": "git",
                "url": "https://github.com/sroehrl/neoan3-cache.git",
                "reference": "440e6e461a405ca3f6946c39202d780eebbf09c7"
            },
            "dist": {
                "type": "zip",
                "url": "https://api.github.com/repos/sroehrl/neoan3-cache/zipball/440e6e461a405ca3f6946c39202d780eebbf09c7",
                "reference": "440e6e461a405ca3f6946c39202d780eebbf09c7",
                "shasum": ""
            },
            "type": "library",
            "autoload": {
                "psr-4": {
                    "Neoan3\\Apps\\": "./"
                }
            },
            "notification-url": "https://packagist.org/downloads/",
            "license": [
                "MIT"
            ],
            "authors": [
                {
                    "name": "neoan",
                    "email": "neoan@neoan.us"
                }
            ],
            "description": "Caching based on output buffer",
            "time": "2019-06-11T22:20:33+00:00"
        },
        {
            "name": "neoan3-apps/db",
            "version": "0.2.1",
            "source": {
                "type": "git",
                "url": "https://github.com/sroehrl/neoan3-db.git",
                "reference": "b2859d08f44b20f8174fabfba51a4e8becec70f0"
            },
            "dist": {
                "type": "zip",
                "url": "https://api.github.com/repos/sroehrl/neoan3-db/zipball/b2859d08f44b20f8174fabfba51a4e8becec70f0",
                "reference": "b2859d08f44b20f8174fabfba51a4e8becec70f0",
                "shasum": ""
            },
            "require": {
                "ext-ctype": "*",
                "ext-mysqli": "*",
                "php": "^7.0"
            },
            "type": "library",
            "autoload": {
                "psr-4": {
                    "Neoan3\\Apps\\": "./"
                }
            },
            "notification-url": "https://packagist.org/downloads/",
            "license": [
                "MIT"
            ],
            "authors": [
                {
                    "name": "Stefan Roehrl",
                    "homepage": "http://neoan.us"
                }
            ],
            "description": "neoan3 mysqli class",
            "time": "2019-09-10T17:54:43+00:00"
        },
        {
            "name": "neoan3-apps/jwt",
            "version": "dev-master",
            "source": {
                "type": "git",
                "url": "https://github.com/sroehrl/neoan3-jwt.git",
                "reference": "c3b560daf4f484e49491a931dd7f89fc344763e8"
            },
            "dist": {
                "type": "zip",
                "url": "https://api.github.com/repos/sroehrl/neoan3-jwt/zipball/c3b560daf4f484e49491a931dd7f89fc344763e8",
                "reference": "c3b560daf4f484e49491a931dd7f89fc344763e8",
                "shasum": ""
            },
            "require": {
                "firebase/php-jwt": "dev-master"
            },
            "type": "library",
            "autoload": {
                "psr-4": {
                    "Neoan3\\Apps\\": "./"
                }
            },
            "notification-url": "https://packagist.org/downloads/",
            "license": [
                "MIT"
            ],
            "authors": [
                {
                    "name": "Stefan Roehrl",
                    "homepage": "http://neoan.us"
                }
            ],
            "description": "neoan3 wrapper for JSON WEB TOKEN using Firebase",
            "time": "2019-07-13T17:33:36+00:00"
        },
        {
            "name": "neoan3-apps/ops",
            "version": "1.0.1",
            "source": {
                "type": "git",
                "url": "https://github.com/sroehrl/neoan3-ops.git",
                "reference": "1480353f455f9ea3398f71f6148ea15d9f3e2eac"
            },
            "dist": {
                "type": "zip",
                "url": "https://api.github.com/repos/sroehrl/neoan3-ops/zipball/1480353f455f9ea3398f71f6148ea15d9f3e2eac",
                "reference": "1480353f455f9ea3398f71f6148ea15d9f3e2eac",
                "shasum": ""
            },
            "require": {
                "ext-dom": "*",
                "ext-json": "*",
                "ext-mbstring": "*",
                "ext-openssl": "*"
            },
            "require-dev": {
                "phpunit/phpunit": "^8.3"
            },
            "type": "library",
            "autoload": {
                "psr-4": {
                    "Neoan3\\Apps\\": "./"
                }
            },
            "notification-url": "https://packagist.org/downloads/",
            "license": [
                "MIT"
            ],
            "description": "neoan3 common string operations helper class",
            "time": "2019-09-26T23:45:13+00:00"
        },
        {
            "name": "neoan3-apps/session",
            "version": "dev-master",
            "source": {
                "type": "git",
                "url": "https://github.com/sroehrl/neoan3-session.git",
                "reference": "f7d70d470f87b30b6bea0cecfe7ef66f3f123d40"
            },
            "dist": {
                "type": "zip",
                "url": "https://api.github.com/repos/sroehrl/neoan3-session/zipball/f7d70d470f87b30b6bea0cecfe7ef66f3f123d40",
                "reference": "f7d70d470f87b30b6bea0cecfe7ef66f3f123d40",
                "shasum": ""
            },
            "require": {
                "ext-json": "*"
            },
            "type": "library",
            "autoload": {
                "psr-4": {
                    "Neoan3\\Apps\\": "./"
                }
            },
            "notification-url": "https://packagist.org/downloads/",
            "description": "neoan3 session class",
            "time": "2019-08-16T20:55:39+00:00"
        },
        {
            "name": "neoan3-apps/simple-tracker",
            "version": "dev-master",
            "source": {
                "type": "git",
                "url": "https://github.com/sroehrl/neoan3-simple-tracker.git",
                "reference": "c2b76bf9fddfb5b7a3bbc9bcb1c23e892d9f5849"
            },
            "dist": {
                "type": "zip",
                "url": "https://api.github.com/repos/sroehrl/neoan3-simple-tracker/zipball/c2b76bf9fddfb5b7a3bbc9bcb1c23e892d9f5849",
                "reference": "c2b76bf9fddfb5b7a3bbc9bcb1c23e892d9f5849",
                "shasum": ""
            },
            "require": {
                "neoan3-apps/ops": "^1",
                "tmarois/filebase": "^1.0"
            },
            "require-dev": {
                "phpunit/phpunit": "8.3.4"
            },
            "type": "library",
            "autoload": {
                "files": [
                    "SimpleTracker.php"
                ]
            },
            "notification-url": "https://packagist.org/downloads/",
            "license": [
                "MIT"
            ],
            "authors": [
                {
                    "name": "sroehrl",
                    "homepage": "http://neoan.us"
                }
            ],
            "description": "Basic analytics for the non-invasive webmaster",
            "time": "2019-09-29T20:17:47+00:00"
        },
        {
            "name": "neoan3-apps/stateless",
            "version": "dev-master",
            "source": {
                "type": "git",
                "url": "https://github.com/sroehrl/neoan3-stateless.git",
                "reference": "2cf58336afdd37d7250ed0dc667e3a418f19c04e"
            },
            "dist": {
                "type": "zip",
                "url": "https://api.github.com/repos/sroehrl/neoan3-stateless/zipball/2cf58336afdd37d7250ed0dc667e3a418f19c04e",
                "reference": "2cf58336afdd37d7250ed0dc667e3a418f19c04e",
                "shasum": ""
            },
            "require": {
                "neoan3-apps/jwt": "dev-master"
            },
            "type": "library",
            "autoload": {
                "psr-4": {
                    "Neoan3\\Apps\\": "./"
                }
            },
            "notification-url": "https://packagist.org/downloads/",
            "license": [
                "MIT"
            ],
            "authors": [
                {
                    "name": "neoan",
                    "email": "neoan@neoan.us"
                }
            ],
            "description": "stateless authentication / verification for neoan3",
            "time": "2019-08-16T20:53:43+00:00"
        },
        {
            "name": "neoan3-apps/transformer",
            "version": "v1.1.1",
            "source": {
                "type": "git",
                "url": "https://github.com/sroehrl/neoan3-transformer.git",
                "reference": "49b825a47159887f17841f9927424a3c3acd419d"
            },
            "dist": {
                "type": "zip",
                "url": "https://api.github.com/repos/sroehrl/neoan3-transformer/zipball/49b825a47159887f17841f9927424a3c3acd419d",
                "reference": "49b825a47159887f17841f9927424a3c3acd419d",
                "shasum": ""
            },
            "require": {
                "neoan3-apps/db": "^0.2.1",
                "neoan3-model/index": "^0.0.1"
            },
            "require-dev": {
                "phpunit/phpunit": "^8.3"
            },
            "type": "library",
            "autoload": {
                "psr-4": {
                    "Neoan3\\Apps\\": "./"
                }
            },
            "notification-url": "https://packagist.org/downloads/",
            "license": [
                "MIT"
            ],
            "authors": [
                {
                    "name": "Stefan Roehrl",
                    "email": "neoan@neoan.us"
                }
            ],
            "description": "Model abstraction utilizing neoan3's model transformers",
            "time": "2019-09-28T00:28:18+00:00"
        },
        {
            "name": "neoan3-model/index",
            "version": "v0.0.1",
            "source": {
                "type": "git",
                "url": "https://github.com/sroehrl/neoan3-indexModel.git",
                "reference": "3d432ebfd56cbbe794a9f6a6fc912b173d496acf"
            },
            "dist": {
                "type": "zip",
                "url": "https://api.github.com/repos/sroehrl/neoan3-indexModel/zipball/3d432ebfd56cbbe794a9f6a6fc912b173d496acf",
                "reference": "3d432ebfd56cbbe794a9f6a6fc912b173d496acf",
                "shasum": ""
            },
            "require": {
                "ext-json": "*",
                "mnsami/composer-custom-directory-installer": "1.1.*"
            },
            "require-dev": {
                "phpunit/phpunit": "^8.4@dev"
            },
            "type": "library",
            "extra": {
                "installer-paths": {
                    "./frame/{$name}": [],
                    "./model/{$name}": [],
                    "./component/{$name}": []
                }
            },
            "notification-url": "https://packagist.org/downloads/",
            "license": [
                "MIT"
            ],
            "time": "2019-09-13T23:01:22+00:00"
        },
        {
            "name": "neoan3-model/user",
            "version": "dev-master",
            "source": {
                "type": "git",
                "url": "https://github.com/sroehrl/neoan3-userModel.git",
                "reference": "9c3c5808b9fbfe315edeab8560f1db2d805307e6"
            },
            "dist": {
                "type": "zip",
                "url": "https://api.github.com/repos/sroehrl/neoan3-userModel/zipball/9c3c5808b9fbfe315edeab8560f1db2d805307e6",
                "reference": "9c3c5808b9fbfe315edeab8560f1db2d805307e6",
                "shasum": ""
            },
            "require": {
                "mnsami/composer-custom-directory-installer": "1.1.*",
                "neoan3-apps/db": "^0.2",
                "neoan3-apps/ops": "^1.0",
                "neoan3-apps/transformer": "^1",
                "neoan3-model/index": "^0"
            },
            "require-dev": {
                "phpunit/phpunit": "^8.4@dev"
            },
            "type": "library",
            "extra": {
                "installer-paths": {
                    "./frame/{$name}": [],
                    "./model/{$name}": [
                        "neoan3-model/index"
                    ],
                    "./component/{$name}": []
                }
            },
            "license": [
                "MIT"
            ],
            "description": "demo user model",
            "support": {
                "source": "https://github.com/sroehrl/neoan3-userModel/tree/master",
                "issues": "https://github.com/sroehrl/neoan3-userModel/issues"
            },
            "time": "2019-09-28T02:26:48+00:00"
        },
        {
            "name": "phpmailer/phpmailer",
            "version": "v6.1.1",
            "source": {
                "type": "git",
                "url": "https://github.com/PHPMailer/PHPMailer.git",
                "reference": "26bd96350b0b2fcbf0ef4e6f0f9cf3528302a9d8"
            },
            "dist": {
                "type": "zip",
                "url": "https://api.github.com/repos/PHPMailer/PHPMailer/zipball/26bd96350b0b2fcbf0ef4e6f0f9cf3528302a9d8",
                "reference": "26bd96350b0b2fcbf0ef4e6f0f9cf3528302a9d8",
                "shasum": ""
            },
            "require": {
                "ext-ctype": "*",
                "ext-filter": "*",
                "php": ">=5.5.0"
            },
            "require-dev": {
                "doctrine/annotations": "1.2.*",
                "friendsofphp/php-cs-fixer": "^2.2",
                "phpdocumentor/phpdocumentor": "2.*",
                "phpunit/phpunit": "^4.8 || ^5.7",
                "zendframework/zend-eventmanager": "3.0.*",
                "zendframework/zend-i18n": "2.7.3",
                "zendframework/zend-serializer": "2.7.*"
            },
            "suggest": {
                "ext-mbstring": "Needed to send email in multibyte encoding charset",
                "hayageek/oauth2-yahoo": "Needed for Yahoo XOAUTH2 authentication",
                "league/oauth2-google": "Needed for Google XOAUTH2 authentication",
                "psr/log": "For optional PSR-3 debug logging",
                "stevenmaguire/oauth2-microsoft": "Needed for Microsoft XOAUTH2 authentication",
                "symfony/polyfill-mbstring": "To support UTF-8 if the Mbstring PHP extension is not enabled (^1.2)"
            },
            "type": "library",
            "autoload": {
                "psr-4": {
                    "PHPMailer\\PHPMailer\\": "src/"
                }
            },
            "notification-url": "https://packagist.org/downloads/",
            "license": [
                "LGPL-2.1-only"
            ],
            "authors": [
                {
                    "name": "Marcus Bointon",
                    "email": "phpmailer@synchromedia.co.uk"
                },
                {
                    "name": "Jim Jagielski",
                    "email": "jimjag@gmail.com"
                },
                {
                    "name": "Andy Prevost",
                    "email": "codeworxtech@users.sourceforge.net"
                },
                {
                    "name": "Brent R. Matzelle"
                }
            ],
            "description": "PHPMailer is a full-featured email creation and transfer class for PHP",
            "time": "2019-09-27T21:33:43+00:00"
        },
        {
            "name": "tmarois/filebase",
            "version": "1.0.x-dev",
            "source": {
                "type": "git",
                "url": "https://github.com/tmarois/Filebase.git",
                "reference": "2801db9d705ef10afb12fd4f27cca36ff8865aec"
            },
            "dist": {
                "type": "zip",
                "url": "https://api.github.com/repos/tmarois/Filebase/zipball/2801db9d705ef10afb12fd4f27cca36ff8865aec",
                "reference": "2801db9d705ef10afb12fd4f27cca36ff8865aec",
                "shasum": ""
            },
            "require": {
                "php": ">=5.6"
            },
            "require-dev": {
                "php-coveralls/php-coveralls": "^2.0",
                "phpunit/phpunit": "5.*",
                "symfony/yaml": "^3.4"
            },
            "suggest": {
                "symfony/yaml": "Allows Yaml format"
            },
            "type": "package",
            "autoload": {
                "psr-4": {
                    "Filebase\\": "src/"
                }
            },
            "notification-url": "https://packagist.org/downloads/",
            "authors": [
                {
                    "name": "Timothy Marois",
                    "email": "timothymarois@gmail.com"
                }
            ],
            "description": "A Simple but Powerful Flat File Database Storage.",
            "homepage": "https://github.com/tmarois/Filebase",
            "keywords": [
                "database",
                "document",
                "file",
                "file-files",
                "filebase",
                "flat",
                "flat-file",
                "key-value",
                "serverless"
            ],
            "time": "2019-06-26T19:23:49+00:00"
        }
    ],
    "packages-dev": [],
    "aliases": [],
    "minimum-stability": "dev",
    "stability-flags": {
        "leafo/scssphp": 20,
        "neoan3-apps/stateless": 20,
        "neoan3-apps/cache": 20,
        "neoan3-model/user": 20,
        "blua-blue/image": 20,
        "neoan3-apps/session": 20,
        "neoan3-apps/simple-tracker": 20
    },
    "prefer-stable": false,
    "prefer-lowest": false,
    "platform": {
        "php": "^7.0",
        "ext-json": "*"
    },
    "platform-dev": []
}
